
Microsoft Visual Studio Solution File, Format Version 12.00
# Visual Studio Version 17
VisualStudioVersion = 17.8.34330.188
MinimumVisualStudioVersion = 10.0.40219.1
Project("{FAE04EC0-301F-11D3-BF4B-00C04F79EFBC}") = "SurveyTesting.DataLayer", "SurveyTesting.DataLayer\SurveyTesting.DataLayer.csproj", "{5A8CA788-8AF4-4489-892A-03F59AA6283A}"
EndProject
Project("{FAE04EC0-301F-11D3-BF4B-00C04F79EFBC}") = "SurveyTesting.ServiceLayer", "SurveyTesting.ServiceLayer\SurveyTesting.ServiceLayer.csproj", "{C9DF4BFE-BB1F-40E4-B821-4D82BE7582FB}"
EndProject
Project("{FAE04EC0-301F-11D3-BF4B-00C04F79EFBC}") = "SurveyTesting.ApiLayer", "SurveyTesting.ApiLayer\SurveyTesting.ApiLayer.csproj", "{03C254D7-16F1-4D0C-9CB0-CB2DDDD1895A}"
EndProject
Project("{E53339B2-1760-4266-BCC7-CA923CBCF16C}") = "docker-compose", "docker-compose.dcproj", "{30A4C08B-C42A-43F1-BD66-119CC52DD248}"
EndProject
Global
	GlobalSection(SolutionConfigurationPlatforms) = preSolution
		Debug|Any CPU = Debug|Any CPU
		Release|Any CPU = Release|Any CPU
	EndGlobalSection
	GlobalSection(ProjectConfigurationPlatforms) = postSolution
		{5A8CA788-8AF4-4489-892A-03F59AA6283A}.Debug|Any CPU.ActiveCfg = Debug|Any CPU
		{5A8CA788-8AF4-4489-892A-03F59AA6283A}.Debug|Any CPU.Build.0 = Debug|Any CPU
		{5A8CA788-8AF4-4489-892A-03F59AA6283A}.Release|Any CPU.ActiveCfg = Release|Any CPU
		{5A8CA788-8AF4-4489-892A-03F59AA6283A}.Release|Any CPU.Build.0 = Release|Any CPU
		{C9DF4BFE-BB1F-40E4-B821-4D82BE7582FB}.Debug|Any CPU.ActiveCfg = Debug|Any CPU
		{C9DF4BFE-BB1F-40E4-B821-4D82BE7582FB}.Debug|Any CPU.Build.0 = Debug|Any CPU
		{C9DF4BFE-BB1F-40E4-B821-4D82BE7582FB}.Release|Any CPU.ActiveCfg = Release|Any CPU
		{C9DF4BFE-BB1F-40E4-B821-4D82BE7582FB}.Release|Any CPU.Build.0 = Release|Any CPU
		{03C254D7-16F1-4D0C-9CB0-CB2DDDD1895A}.Debug|Any CPU.ActiveCfg = Debug|Any CPU
		{03C254D7-16F1-4D0C-9CB0-CB2DDDD1895A}.Debug|Any CPU.Build.0 = Debug|Any CPU
		{03C254D7-16F1-4D0C-9CB0-CB2DDDD1895A}.Release|Any CPU.ActiveCfg = Release|Any CPU
		{03C254D7-16F1-4D0C-9CB0-CB2DDDD1895A}.Release|Any CPU.Build.0 = Release|Any CPU
		{30A4C08B-C42A-43F1-BD66-119CC52DD248}.Debug|Any CPU.ActiveCfg = Debug|Any CPU
		{30A4C08B-C42A-43F1-BD66-119CC52DD248}.Debug|Any CPU.Build.0 = Debug|Any CPU
		{30A4C08B-C42A-43F1-BD66-119CC52DD248}.Release|Any CPU.ActiveCfg = Release|Any CPU
		{30A4C08B-C42A-43F1-BD66-119CC52DD248}.Release|Any CPU.Build.0 = Release|Any CPU
	EndGlobalSection
	GlobalSection(SolutionProperties) = preSolution
		HideSolutionNode = FALSE
	EndGlobalSection
	GlobalSection(ExtensibilityGlobals) = postSolution
		SolutionGuid = {EE6261BA-5C3D-454D-89D0-AF3A7428BA93}
	EndGlobalSection
EndGlobal
